// !$*UTF8*$!
{
	archiveVersion = 1;
	classes = {
	};
	objectVersion = 77;
	objects = {

/* Begin PBXBuildFile section */
		9421256E2ECC5DF400FE7314 /* ConfidentialKit in Frameworks */ = {isa = PBXBuildFile; productRef = 9421256D2ECC5DF400FE7314 /* ConfidentialKit */; };
		948338962ED5E01C002465AC /* RxGesture in Frameworks */ = {isa = PBXBuildFile; productRef = 948338952ED5E01C002465AC /* RxGesture */; };
		94FAED742ECD5F0B00954D45 /* Kingfisher in Frameworks */ = {isa = PBXBuildFile; productRef = 94FAED732ECD5F0B00954D45 /* Kingfisher */; };
		FB3C21A02ECC1BD600B78A0E /* SnapKit in Frameworks */ = {isa = PBXBuildFile; productRef = FB3C219F2ECC1BD600B78A0E /* SnapKit */; };
		FB3C21A32ECC1C1600B78A0E /* RxCocoa in Frameworks */ = {isa = PBXBuildFile; productRef = FB3C21A22ECC1C1600B78A0E /* RxCocoa */; };
		FB3C21A52ECC1C1600B78A0E /* RxRelay in Frameworks */ = {isa = PBXBuildFile; productRef = FB3C21A42ECC1C1600B78A0E /* RxRelay */; };
		FB3C21A72ECC1C1600B78A0E /* RxSwift in Frameworks */ = {isa = PBXBuildFile; productRef = FB3C21A62ECC1C1600B78A0E /* RxSwift */; };
		FB76EF2B2ECC69E300BBA0FD /* NMapsMap in Frameworks */ = {isa = PBXBuildFile; productRef = FB76EF2A2ECC69E300BBA0FD /* NMapsMap */; };
/* End PBXBuildFile section */

/* Begin PBXFileReference section */
		FB6AFDB32ECC187C001FEB2E /* YaguBogu.app */ = {isa = PBXFileReference; explicitFileType = wrapper.application; includeInIndex = 0; path = YaguBogu.app; sourceTree = BUILT_PRODUCTS_DIR; };
/* End PBXFileReference section */

/* Begin PBXFileSystemSynchronizedBuildFileExceptionSet section */
		FB6AFDC52ECC187D001FEB2E /* Exceptions for "YaguBogu" folder in "YaguBogu" target */ = {
			isa = PBXFileSystemSynchronizedBuildFileExceptionSet;
			membershipExceptions = (
				Info.plist,
			);
			target = FB6AFDB22ECC187C001FEB2E /* YaguBogu */;
		};
/* End PBXFileSystemSynchronizedBuildFileExceptionSet section */

/* Begin PBXFileSystemSynchronizedRootGroup section */
		FB6AFDB52ECC187C001FEB2E /* YaguBogu */ = {
			isa = PBXFileSystemSynchronizedRootGroup;
			exceptions = (
				FB6AFDC52ECC187D001FEB2E /* Exceptions for "YaguBogu" folder in "YaguBogu" target */,
			);
			path = YaguBogu;
			sourceTree = "<group>";
		};
/* End PBXFileSystemSynchronizedRootGroup section */

/* Begin PBXFrameworksBuildPhase section */
		FB6AFDB02ECC187C001FEB2E /* Frameworks */ = {
			isa = PBXFrameworksBuildPhase;
			buildActionMask = 2147483647;
			files = (
				9421256E2ECC5DF400FE7314 /* ConfidentialKit in Frameworks */,
				FB76EF2B2ECC69E300BBA0FD /* NMapsMap in Frameworks */,
				948338962ED5E01C002465AC /* RxGesture in Frameworks */,
				94FAED742ECD5F0B00954D45 /* Kingfisher in Frameworks */,
				FB3C21A52ECC1C1600B78A0E /* RxRelay in Frameworks */,
				FB3C21A32ECC1C1600B78A0E /* RxCocoa in Frameworks */,
				FB3C21A72ECC1C1600B78A0E /* RxSwift in Frameworks */,
				FB3C21A02ECC1BD600B78A0E /* SnapKit in Frameworks */,
			);
			runOnlyForDeploymentPostprocessing = 0;
		};
/* End PBXFrameworksBuildPhase section */

/* Begin PBXGroup section */
		FB6AFDAA2ECC187C001FEB2E = {
			isa = PBXGroup;
			children = (
				FB6AFDB52ECC187C001FEB2E /* YaguBogu */,
				FB6AFDB42ECC187C001FEB2E /* Products */,
			);
			sourceTree = "<group>";
		};
		FB6AFDB42ECC187C001FEB2E /* Products */ = {
			isa = PBXGroup;
			children = (
				FB6AFDB32ECC187C001FEB2E /* YaguBogu.app */,
			);
			name = Products;
			sourceTree = "<group>";
		};
/* End PBXGroup section */

/* Begin PBXNativeTarget section */
		FB6AFDB22ECC187C001FEB2E /* YaguBogu */ = {
			isa = PBXNativeTarget;
			buildConfigurationList = FB6AFDC62ECC187D001FEB2E /* Build configuration list for PBXNativeTarget "YaguBogu" */;
			buildPhases = (
				FB6AFDAF2ECC187C001FEB2E /* Sources */,
				FB6AFDB02ECC187C001FEB2E /* Frameworks */,
				FB6AFDB12ECC187C001FEB2E /* Resources */,
			);
			buildRules = (
			);
			dependencies = (
				942125702ECC5DFC00FE7314 /* PBXTargetDependency */,
			);
			fileSystemSynchronizedGroups = (
				FB6AFDB52ECC187C001FEB2E /* YaguBogu */,
			);
			name = YaguBogu;
			packageProductDependencies = (
				FB3C219F2ECC1BD600B78A0E /* SnapKit */,
				FB3C21A22ECC1C1600B78A0E /* RxCocoa */,
				FB3C21A42ECC1C1600B78A0E /* RxRelay */,
				FB3C21A62ECC1C1600B78A0E /* RxSwift */,
				9421256D2ECC5DF400FE7314 /* ConfidentialKit */,
				FB76EF2A2ECC69E300BBA0FD /* NMapsMap */,
				94FAED732ECD5F0B00954D45 /* Kingfisher */,
				948338952ED5E01C002465AC /* RxGesture */,
			);
			productName = YaguBogu;
			productReference = FB6AFDB32ECC187C001FEB2E /* YaguBogu.app */;
			productType = "com.apple.product-type.application";
		};
/* End PBXNativeTarget section */

/* Begin PBXProject section */
		FB6AFDAB2ECC187C001FEB2E /* Project object */ = {
			isa = PBXProject;
			attributes = {
				BuildIndependentTargetsInParallel = 1;
				LastSwiftUpdateCheck = 1640;
				LastUpgradeCheck = 1640;
				TargetAttributes = {
					FB6AFDB22ECC187C001FEB2E = {
						CreatedOnToolsVersion = 16.4;
					};
				};
			};
			buildConfigurationList = FB6AFDAE2ECC187C001FEB2E /* Build configuration list for PBXProject "YaguBogu" */;
			developmentRegion = en;
			hasScannedForEncodings = 0;
			knownRegions = (
				en,
				Base,
			);
			mainGroup = FB6AFDAA2ECC187C001FEB2E;
			minimizedProjectReferenceProxies = 1;
			packageReferences = (
				FB3C219E2ECC1BD600B78A0E /* XCRemoteSwiftPackageReference "SnapKit" */,
				FB3C21A12ECC1C1600B78A0E /* XCRemoteSwiftPackageReference "RxSwift" */,
				9421256B2ECC5DDC00FE7314 /* XCRemoteSwiftPackageReference "swift-confidential-plugin" */,
				9421256C2ECC5DF400FE7314 /* XCRemoteSwiftPackageReference "swift-confidential" */,
				FB76EF292ECC69E300BBA0FD /* XCRemoteSwiftPackageReference "SPM-NMapsMap" */,
				94FAED722ECD5F0B00954D45 /* XCRemoteSwiftPackageReference "Kingfisher" */,
				948338942ED5E01C002465AC /* XCRemoteSwiftPackageReference "RxGesture" */,
			);
			preferredProjectObjectVersion = 77;
			productRefGroup = FB6AFDB42ECC187C001FEB2E /* Products */;
			projectDirPath = "";
			projectRoot = "";
			targets = (
				FB6AFDB22ECC187C001FEB2E /* YaguBogu */,
			);
		};
/* End PBXProject section */

/* Begin PBXResourcesBuildPhase section */
		FB6AFDB12ECC187C001FEB2E /* Resources */ = {
			isa = PBXResourcesBuildPhase;
			buildActionMask = 2147483647;
			files = (
			);
			runOnlyForDeploymentPostprocessing = 0;
		};
/* End PBXResourcesBuildPhase section */

/* Begin PBXSourcesBuildPhase section */
		FB6AFDAF2ECC187C001FEB2E /* Sources */ = {
			isa = PBXSourcesBuildPhase;
			buildActionMask = 2147483647;
			files = (
			);
			runOnlyForDeploymentPostprocessing = 0;
		};
/* End PBXSourcesBuildPhase section */

/* Begin PBXTargetDependency section */
		942125702ECC5DFC00FE7314 /* PBXTargetDependency */ = {
			isa = PBXTargetDependency;
			productRef = 9421256F2ECC5DFC00FE7314 /* Confidential */;
		};
/* End PBXTargetDependency section */

/* Begin XCBuildConfiguration section */
		FB6AFDC72ECC187D001FEB2E /* Debug */ = {
			isa = XCBuildConfiguration;
			buildSettings = {
				ASSETCATALOG_COMPILER_APPICON_NAME = AppIcon;
				ASSETCATALOG_COMPILER_GLOBAL_ACCENT_COLOR_NAME = AccentColor;
				CODE_SIGN_STYLE = Automatic;
				CURRENT_PROJECT_VERSION = 1;
				DEVELOPMENT_TEAM = "";
				GENERATE_INFOPLIST_FILE = YES;
				INFOPLIST_FILE = YaguBogu/Info.plist;
				INFOPLIST_KEY_UIApplicationSupportsIndirectInputEvents = YES;
				INFOPLIST_KEY_UILaunchStoryboardName = LaunchScreen;
				INFOPLIST_KEY_UIMainStoryboardFile = "";
				INFOPLIST_KEY_UISupportedInterfaceOrientations_iPad = "UIInterfaceOrientationPortrait UIInterfaceOrientationPortraitUpsideDown UIInterfaceOrientationLandscapeLeft UIInterfaceOrientationLandscapeRight";
				INFOPLIST_KEY_UISupportedInterfaceOrientations_iPhone = "UIInterfaceOrientationPortrait UIInterfaceOrientationLandscapeLeft UIInterfaceOrientationLandscapeRight";
				IPHONEOS_DEPLOYMENT_TARGET = 17.6;
				LD_RUNPATH_SEARCH_PATHS = (
					"$(inherited)",
					"@executable_path/Frameworks",
				);
				MARKETING_VERSION = 1.0;
				PRODUCT_BUNDLE_IDENTIFIER = com.sparta.YaguBogu;
				PRODUCT_NAME = "$(TARGET_NAME)";
				SUPPORTED_PLATFORMS = "iphoneos iphonesimulator";
				SUPPORTS_MACCATALYST = NO;
				SUPPORTS_MAC_DESIGNED_FOR_IPHONE_IPAD = NO;
				SUPPORTS_XR_DESIGNED_FOR_IPHONE_IPAD = NO;
				SWIFT_EMIT_LOC_STRINGS = YES;
				SWIFT_VERSION = 5.0;
				TARGETED_DEVICE_FAMILY = 1;
			};
			name = Debug;
		};
		FB6AFDC82ECC187D001FEB2E /* Release */ = {
			isa = XCBuildConfiguration;
			buildSettings = {
				ASSETCATALOG_COMPILER_APPICON_NAME = AppIcon;
				ASSETCATALOG_COMPILER_GLOBAL_ACCENT_COLOR_NAME = AccentColor;
				CODE_SIGN_STYLE = Automatic;
				CURRENT_PROJECT_VERSION = 1;
				DEVELOPMENT_TEAM = "";
				GENERATE_INFOPLIST_FILE = YES;
				INFOPLIST_FILE = YaguBogu/Info.plist;
				INFOPLIST_KEY_UIApplicationSupportsIndirectInputEvents = YES;
				INFOPLIST_KEY_UILaunchStoryboardName = LaunchScreen;
				INFOPLIST_KEY_UIMainStoryboardFile = "";
				INFOPLIST_KEY_UISupportedInterfaceOrientations_iPad = "UIInterfaceOrientationPortrait UIInterfaceOrientationPortraitUpsideDown UIInterfaceOrientationLandscapeLeft UIInterfaceOrientationLandscapeRight";
				INFOPLIST_KEY_UISupportedInterfaceOrientations_iPhone = "UIInterfaceOrientationPortrait UIInterfaceOrientationLandscapeLeft UIInterfaceOrientationLandscapeRight";
				IPHONEOS_DEPLOYMENT_TARGET = 17.6;
				LD_RUNPATH_SEARCH_PATHS = (
					"$(inherited)",
					"@executable_path/Frameworks",
				);
				MARKETING_VERSION = 1.0;
				PRODUCT_BUNDLE_IDENTIFIER = com.sparta.YaguBogu;
				PRODUCT_NAME = "$(TARGET_NAME)";
				SUPPORTED_PLATFORMS = "iphoneos iphonesimulator";
				SUPPORTS_MACCATALYST = NO;
				SUPPORTS_MAC_DESIGNED_FOR_IPHONE_IPAD = NO;
				SUPPORTS_XR_DESIGNED_FOR_IPHONE_IPAD = NO;
				SWIFT_EMIT_LOC_STRINGS = YES;
				SWIFT_VERSION = 5.0;
				TARGETED_DEVICE_FAMILY = 1;
			};
			name = Release;
		};
		FB6AFDC92ECC187D001FEB2E /* Debug */ = {
			isa = XCBuildConfiguration;
			buildSettings = {
				ALWAYS_SEARCH_USER_PATHS = NO;
				ASSETCATALOG_COMPILER_GENERATE_SWIFT_ASSET_SYMBOL_EXTENSIONS = YES;
				CLANG_ANALYZER_NONNULL = YES;
				CLANG_ANALYZER_NUMBER_OBJECT_CONVERSION = YES_AGGRESSIVE;
				CLANG_CXX_LANGUAGE_STANDARD = "gnu++20";
				CLANG_ENABLE_MODULES = YES;
				CLANG_ENABLE_OBJC_ARC = YES;
				CLANG_ENABLE_OBJC_WEAK = YES;
				CLANG_WARN_BLOCK_CAPTURE_AUTORELEASING = YES;
				CLANG_WARN_BOOL_CONVERSION = YES;
				CLANG_WARN_COMMA = YES;
				CLANG_WARN_CONSTANT_CONVERSION = YES;
				CLANG_WARN_DEPRECATED_OBJC_IMPLEMENTATIONS = YES;
				CLANG_WARN_DIRECT_OBJC_ISA_USAGE = YES_ERROR;
				CLANG_WARN_DOCUMENTATION_COMMENTS = YES;
				CLANG_WARN_EMPTY_BODY = YES;
				CLANG_WARN_ENUM_CONVERSION = YES;
				CLANG_WARN_INFINITE_RECURSION = YES;
				CLANG_WARN_INT_CONVERSION = YES;
				CLANG_WARN_NON_LITERAL_NULL_CONVERSION = YES;
				CLANG_WARN_OBJC_IMPLICIT_RETAIN_SELF = YES;
				CLANG_WARN_OBJC_LITERAL_CONVERSION = YES;
				CLANG_WARN_OBJC_ROOT_CLASS = YES_ERROR;
				CLANG_WARN_QUOTED_INCLUDE_IN_FRAMEWORK_HEADER = YES;
				CLANG_WARN_RANGE_LOOP_ANALYSIS = YES;
				CLANG_WARN_STRICT_PROTOTYPES = YES;
				CLANG_WARN_SUSPICIOUS_MOVE = YES;
				CLANG_WARN_UNGUARDED_AVAILABILITY = YES_AGGRESSIVE;
				CLANG_WARN_UNREACHABLE_CODE = YES;
				CLANG_WARN__DUPLICATE_METHOD_MATCH = YES;
				COPY_PHASE_STRIP = NO;
				DEBUG_INFORMATION_FORMAT = dwarf;
				ENABLE_STRICT_OBJC_MSGSEND = YES;
				ENABLE_TESTABILITY = YES;
				ENABLE_USER_SCRIPT_SANDBOXING = YES;
				GCC_C_LANGUAGE_STANDARD = gnu17;
				GCC_DYNAMIC_NO_PIC = NO;
				GCC_NO_COMMON_BLOCKS = YES;
				GCC_OPTIMIZATION_LEVEL = 0;
				GCC_PREPROCESSOR_DEFINITIONS = (
					"DEBUG=1",
					"$(inherited)",
				);
				GCC_WARN_64_TO_32_BIT_CONVERSION = YES;
				GCC_WARN_ABOUT_RETURN_TYPE = YES_ERROR;
				GCC_WARN_UNDECLARED_SELECTOR = YES;
				GCC_WARN_UNINITIALIZED_AUTOS = YES_AGGRESSIVE;
				GCC_WARN_UNUSED_FUNCTION = YES;
				GCC_WARN_UNUSED_VARIABLE = YES;
				IPHONEOS_DEPLOYMENT_TARGET = 18.5;
				LOCALIZATION_PREFERS_STRING_CATALOGS = YES;
				MTL_ENABLE_DEBUG_INFO = INCLUDE_SOURCE;
				MTL_FAST_MATH = YES;
				ONLY_ACTIVE_ARCH = YES;
				SDKROOT = iphoneos;
				SWIFT_ACTIVE_COMPILATION_CONDITIONS = "DEBUG $(inherited)";
				SWIFT_OPTIMIZATION_LEVEL = "-Onone";
			};
			name = Debug;
		};
		FB6AFDCA2ECC187D001FEB2E /* Release */ = {
			isa = XCBuildConfiguration;
			buildSettings = {
				ALWAYS_SEARCH_USER_PATHS = NO;
				ASSETCATALOG_COMPILER_GENERATE_SWIFT_ASSET_SYMBOL_EXTENSIONS = YES;
				CLANG_ANALYZER_NONNULL = YES;
				CLANG_ANALYZER_NUMBER_OBJECT_CONVERSION = YES_AGGRESSIVE;
				CLANG_CXX_LANGUAGE_STANDARD = "gnu++20";
				CLANG_ENABLE_MODULES = YES;
				CLANG_ENABLE_OBJC_ARC = YES;
				CLANG_ENABLE_OBJC_WEAK = YES;
				CLANG_WARN_BLOCK_CAPTURE_AUTORELEASING = YES;
				CLANG_WARN_BOOL_CONVERSION = YES;
				CLANG_WARN_COMMA = YES;
				CLANG_WARN_CONSTANT_CONVERSION = YES;
				CLANG_WARN_DEPRECATED_OBJC_IMPLEMENTATIONS = YES;
				CLANG_WARN_DIRECT_OBJC_ISA_USAGE = YES_ERROR;
				CLANG_WARN_DOCUMENTATION_COMMENTS = YES;
				CLANG_WARN_EMPTY_BODY = YES;
				CLANG_WARN_ENUM_CONVERSION = YES;
				CLANG_WARN_INFINITE_RECURSION = YES;
				CLANG_WARN_INT_CONVERSION = YES;
				CLANG_WARN_NON_LITERAL_NULL_CONVERSION = YES;
				CLANG_WARN_OBJC_IMPLICIT_RETAIN_SELF = YES;
				CLANG_WARN_OBJC_LITERAL_CONVERSION = YES;
				CLANG_WARN_OBJC_ROOT_CLASS = YES_ERROR;
				CLANG_WARN_QUOTED_INCLUDE_IN_FRAMEWORK_HEADER = YES;
				CLANG_WARN_RANGE_LOOP_ANALYSIS = YES;
				CLANG_WARN_STRICT_PROTOTYPES = YES;
				CLANG_WARN_SUSPICIOUS_MOVE = YES;
				CLANG_WARN_UNGUARDED_AVAILABILITY = YES_AGGRESSIVE;
				CLANG_WARN_UNREACHABLE_CODE = YES;
				CLANG_WARN__DUPLICATE_METHOD_MATCH = YES;
				COPY_PHASE_STRIP = NO;
				DEBUG_INFORMATION_FORMAT = "dwarf-with-dsym";
				ENABLE_NS_ASSERTIONS = NO;
				ENABLE_STRICT_OBJC_MSGSEND = YES;
				ENABLE_USER_SCRIPT_SANDBOXING = YES;
				GCC_C_LANGUAGE_STANDARD = gnu17;
				GCC_NO_COMMON_BLOCKS = YES;
				GCC_WARN_64_TO_32_BIT_CONVERSION = YES;
				GCC_WARN_ABOUT_RETURN_TYPE = YES_ERROR;
				GCC_WARN_UNDECLARED_SELECTOR = YES;
				GCC_WARN_UNINITIALIZED_AUTOS = YES_AGGRESSIVE;
				GCC_WARN_UNUSED_FUNCTION = YES;
				GCC_WARN_UNUSED_VARIABLE = YES;
				IPHONEOS_DEPLOYMENT_TARGET = 18.5;
				LOCALIZATION_PREFERS_STRING_CATALOGS = YES;
				MTL_ENABLE_DEBUG_INFO = NO;
				MTL_FAST_MATH = YES;
				SDKROOT = iphoneos;
				SWIFT_COMPILATION_MODE = wholemodule;
				VALIDATE_PRODUCT = YES;
			};
			name = Release;
		};
/* End XCBuildConfiguration section */

/* Begin XCConfigurationList section */
		FB6AFDAE2ECC187C001FEB2E /* Build configuration list for PBXProject "YaguBogu" */ = {
			isa = XCConfigurationList;
			buildConfigurations = (
				FB6AFDC92ECC187D001FEB2E /* Debug */,
				FB6AFDCA2ECC187D001FEB2E /* Release */,
			);
			defaultConfigurationIsVisible = 0;
			defaultConfigurationName = Release;
		};
		FB6AFDC62ECC187D001FEB2E /* Build configuration list for PBXNativeTarget "YaguBogu" */ = {
			isa = XCConfigurationList;
			buildConfigurations = (
				FB6AFDC72ECC187D001FEB2E /* Debug */,
				FB6AFDC82ECC187D001FEB2E /* Release */,
			);
			defaultConfigurationIsVisible = 0;
			defaultConfigurationName = Release;
		};
/* End XCConfigurationList section */

/* Begin XCRemoteSwiftPackageReference section */
		9421256B2ECC5DDC00FE7314 /* XCRemoteSwiftPackageReference "swift-confidential-plugin" */ = {
			isa = XCRemoteSwiftPackageReference;
			repositoryURL = "https://github.com/securevale/swift-confidential-plugin";
			requirement = {
				kind = upToNextMajorVersion;
				minimumVersion = 0.5.0;
			};
		};
		9421256C2ECC5DF400FE7314 /* XCRemoteSwiftPackageReference "swift-confidential" */ = {
			isa = XCRemoteSwiftPackageReference;
			repositoryURL = "https://github.com/securevale/swift-confidential";
			requirement = {
				kind = upToNextMajorVersion;
				minimumVersion = 0.5.0;
			};
		};
		948338942ED5E01C002465AC /* XCRemoteSwiftPackageReference "RxGesture" */ = {
			isa = XCRemoteSwiftPackageReference;
			repositoryURL = "https://github.com/RxSwiftCommunity/RxGesture.git";
			requirement = {
				kind = upToNextMajorVersion;
				minimumVersion = 4.0.4;
			};
		};
		94FAED722ECD5F0B00954D45 /* XCRemoteSwiftPackageReference "Kingfisher" */ = {
			isa = XCRemoteSwiftPackageReference;
			repositoryURL = "https://github.com/onevcat/Kingfisher.git";
			requirement = {
				kind = upToNextMajorVersion;
				minimumVersion = 8.6.2;
			};
		};
		FB3C219E2ECC1BD600B78A0E /* XCRemoteSwiftPackageReference "SnapKit" */ = {
			isa = XCRemoteSwiftPackageReference;
			repositoryURL = "https://github.com/SnapKit/SnapKit.git";
			requirement = {
				kind = upToNextMajorVersion;
				minimumVersion = 5.7.1;
			};
		};
		FB3C21A12ECC1C1600B78A0E /* XCRemoteSwiftPackageReference "RxSwift" */ = {
			isa = XCRemoteSwiftPackageReference;
			repositoryURL = "https://github.com/ReactiveX/RxSwift.git";
			requirement = {
				kind = upToNextMajorVersion;
				minimumVersion = 6.9.1;
			};
		};
		FB76EF292ECC69E300BBA0FD /* XCRemoteSwiftPackageReference "SPM-NMapsMap" */ = {
			isa = XCRemoteSwiftPackageReference;
			repositoryURL = "https://github.com/navermaps/SPM-NMapsMap.git";
			requirement = {
				kind = upToNextMajorVersion;
				minimumVersion = 3.23.0;
			};
		};
/* End XCRemoteSwiftPackageReference section */

/* Begin XCSwiftPackageProductDependency section */
		9421256D2ECC5DF400FE7314 /* ConfidentialKit */ = {
			isa = XCSwiftPackageProductDependency;
			package = 9421256C2ECC5DF400FE7314 /* XCRemoteSwiftPackageReference "swift-confidential" */;
			productName = ConfidentialKit;
		};
		9421256F2ECC5DFC00FE7314 /* Confidential */ = {
			isa = XCSwiftPackageProductDependency;
			package = 9421256B2ECC5DDC00FE7314 /* XCRemoteSwiftPackageReference "swift-confidential-plugin" */;
			productName = "plugin:Confidential";
		};
		948338952ED5E01C002465AC /* RxGesture */ = {
			isa = XCSwiftPackageProductDependency;
			package = 948338942ED5E01C002465AC /* XCRemoteSwiftPackageReference "RxGesture" */;
			productName = RxGesture;
		};
		94FAED732ECD5F0B00954D45 /* Kingfisher */ = {
			isa = XCSwiftPackageProductDependency;
			package = 94FAED722ECD5F0B00954D45 /* XCRemoteSwiftPackageReference "Kingfisher" */;
			productName = Kingfisher;
		};
		FB3C219F2ECC1BD600B78A0E /* SnapKit */ = {
			isa = XCSwiftPackageProductDependency;
			package = FB3C219E2ECC1BD600B78A0E /* XCRemoteSwiftPackageReference "SnapKit" */;
			productName = SnapKit;
		};
		FB3C21A22ECC1C1600B78A0E /* RxCocoa */ = {
			isa = XCSwiftPackageProductDependency;
			package = FB3C21A12ECC1C1600B78A0E /* XCRemoteSwiftPackageReference "RxSwift" */;
			productName = RxCocoa;
		};
		FB3C21A42ECC1C1600B78A0E /* RxRelay */ = {
			isa = XCSwiftPackageProductDependency;
			package = FB3C21A12ECC1C1600B78A0E /* XCRemoteSwiftPackageReference "RxSwift" */;
			productName = RxRelay;
		};
		FB3C21A62ECC1C1600B78A0E /* RxSwift */ = {
			isa = XCSwiftPackageProductDependency;
			package = FB3C21A12ECC1C1600B78A0E /* XCRemoteSwiftPackageReference "RxSwift" */;
			productName = RxSwift;
		};
		FB76EF2A2ECC69E300BBA0FD /* NMapsMap */ = {
			isa = XCSwiftPackageProductDependency;
			package = FB76EF292ECC69E300BBA0FD /* XCRemoteSwiftPackageReference "SPM-NMapsMap" */;
			productName = NMapsMap;
		};
/* End XCSwiftPackageProductDependency section */
	};
	rootObject = FB6AFDAB2ECC187C001FEB2E /* Project object */;
}
